
Microsoft Visual Studio Solution File, Format Version 12.00
# Visual Studio Version 17
VisualStudioVersion = 17.12.35707.178 d17.12
MinimumVisualStudioVersion = 10.0.40219.1
Project("{FAE04EC0-301F-11D3-BF4B-00C04F79EFBC}") = "C#-Class12", "C#-Class12\C#-Class12.csproj", "{8B91C7BB-BFD9-4F5A-9537-508048FFC9CC}"
EndProject
Project("{FAE04EC0-301F-11D3-BF4B-00C04F79EFBC}") = "ClassLibrary1", "ClassLibrary1\ClassLibrary1.csproj", "{A7EBBBFF-7744-42BD-AAFF-A79385908C79}"
EndProject
Project("{FAE04EC0-301F-11D3-BF4B-00C04F79EFBC}") = "ClassLibrary2", "ClassLibrary2\ClassLibrary2.csproj", "{9E607962-0D1A-4BF7-A9AF-79F581101420}"
EndProject
Project("{2150E333-8FDC-42A3-9474-1A3956D46DE8}") = "Solution Items", "Solution Items", "{865B863E-3E0A-4592-A97D-4D46D9B78820}"
EndProject
Global
	GlobalSection(SolutionConfigurationPlatforms) = preSolution
		Debug|Any CPU = Debug|Any CPU
		Release|Any CPU = Release|Any CPU
	EndGlobalSection
	GlobalSection(ProjectConfigurationPlatforms) = postSolution
		{8B91C7BB-BFD9-4F5A-9537-508048FFC9CC}.Debug|Any CPU.ActiveCfg = Debug|Any CPU
		{8B91C7BB-BFD9-4F5A-9537-508048FFC9CC}.Debug|Any CPU.Build.0 = Debug|Any CPU
		{8B91C7BB-BFD9-4F5A-9537-508048FFC9CC}.Release|Any CPU.ActiveCfg = Release|Any CPU
		{8B91C7BB-BFD9-4F5A-9537-508048FFC9CC}.Release|Any CPU.Build.0 = Release|Any CPU
		{A7EBBBFF-7744-42BD-AAFF-A79385908C79}.Debug|Any CPU.ActiveCfg = Debug|Any CPU
		{A7EBBBFF-7744-42BD-AAFF-A79385908C79}.Debug|Any CPU.Build.0 = Debug|Any CPU
		{A7EBBBFF-7744-42BD-AAFF-A79385908C79}.Release|Any CPU.ActiveCfg = Release|Any CPU
		{A7EBBBFF-7744-42BD-AAFF-A79385908C79}.Release|Any CPU.Build.0 = Release|Any CPU
		{9E607962-0D1A-4BF7-A9AF-79F581101420}.Debug|Any CPU.ActiveCfg = Debug|Any CPU
		{9E607962-0D1A-4BF7-A9AF-79F581101420}.Debug|Any CPU.Build.0 = Debug|Any CPU
		{9E607962-0D1A-4BF7-A9AF-79F581101420}.Release|Any CPU.ActiveCfg = Release|Any CPU
		{9E607962-0D1A-4BF7-A9AF-79F581101420}.Release|Any CPU.Build.0 = Release|Any CPU
	EndGlobalSection
	GlobalSection(SolutionProperties) = preSolution
		HideSolutionNode = FALSE
	EndGlobalSection
EndGlobal
