
Microsoft Visual Studio Solution File, Format Version 12.00
# Visual Studio Version 17
VisualStudioVersion = 17.12.35707.178 d17.12
MinimumVisualStudioVersion = 10.0.40219.1
Project("{FAE04EC0-301F-11D3-BF4B-00C04F79EFBC}") = "Home18", "Home18\Home18.csproj", "{8927487C-6DB3-4260-A91C-9E4303C6615C}"
EndProject
Global
	GlobalSection(SolutionConfigurationPlatforms) = preSolution
		Debug|Any CPU = Debug|Any CPU
		Release|Any CPU = Release|Any CPU
	EndGlobalSection
	GlobalSection(ProjectConfigurationPlatforms) = postSolution
		{8927487C-6DB3-4260-A91C-9E4303C6615C}.Debug|Any CPU.ActiveCfg = Debug|Any CPU
		{8927487C-6DB3-4260-A91C-9E4303C6615C}.Debug|Any CPU.Build.0 = Debug|Any CPU
		{8927487C-6DB3-4260-A91C-9E4303C6615C}.Release|Any CPU.ActiveCfg = Release|Any CPU
		{8927487C-6DB3-4260-A91C-9E4303C6615C}.Release|Any CPU.Build.0 = Release|Any CPU
	EndGlobalSection
	GlobalSection(SolutionProperties) = preSolution
		HideSolutionNode = FALSE
	EndGlobalSection
EndGlobal
